
Microsoft Visual Studio Solution File, Format Version 12.00
# Visual Studio 15
VisualStudioVersion = 15.0.27703.2018
MinimumVisualStudioVersion = 10.0.40219.1
Project("{FAE04EC0-301F-11D3-BF4B-00C04F79EFBC}") = "Processer", "Processer\Processer.csproj", "{D47B3CF7-2643-4DA7-A315-B4EF1B719E8B}"
EndProject
Global
	GlobalSection(SolutionConfigurationPlatforms) = preSolution
		Debug|Any CPU = Debug|Any CPU
		Release|Any CPU = Release|Any CPU
	EndGlobalSection
	GlobalSection(ProjectConfigurationPlatforms) = postSolution
		{D47B3CF7-2643-4DA7-A315-B4EF1B719E8B}.Debug|Any CPU.ActiveCfg = Debug|Any CPU
		{D47B3CF7-2643-4DA7-A315-B4EF1B719E8B}.Debug|Any CPU.Build.0 = Debug|Any CPU
		{D47B3CF7-2643-4DA7-A315-B4EF1B719E8B}.Release|Any CPU.ActiveCfg = Release|Any CPU
		{D47B3CF7-2643-4DA7-A315-B4EF1B719E8B}.Release|Any CPU.Build.0 = Release|Any CPU
	EndGlobalSection
	GlobalSection(SolutionProperties) = preSolution
		HideSolutionNode = FALSE
	EndGlobalSection
	GlobalSection(ExtensibilityGlobals) = postSolution
		SolutionGuid = {29909D0A-11C0-40AB-AD0F-AF491F08FD53}
	EndGlobalSection
EndGlobal
